// !$*UTF8*$!
{
	archiveVersion = 1;
	classes = {
	};
	objectVersion = 48;
	objects = {

/* Begin PBXBuildFile section */
		0BC5505A2032683800BFEE02 /* AppDelegate.swift in Sources */ = {isa = PBXBuildFile; fileRef = 0BC550592032683800BFEE02 /* AppDelegate.swift */; };
		0BC5505C2032683800BFEE02 /* ViewController.swift in Sources */ = {isa = PBXBuildFile; fileRef = 0BC5505B2032683800BFEE02 /* ViewController.swift */; };
		0BC5505F2032683800BFEE02 /* Main.storyboard in Resources */ = {isa = PBXBuildFile; fileRef = 0BC5505D2032683800BFEE02 /* Main.storyboard */; };
		0BC550612032683800BFEE02 /* Assets.xcassets in Resources */ = {isa = PBXBuildFile; fileRef = 0BC550602032683800BFEE02 /* Assets.xcassets */; };
		0BC550642032683800BFEE02 /* LaunchScreen.storyboard in Resources */ = {isa = PBXBuildFile; fileRef = 0BC550622032683800BFEE02 /* LaunchScreen.storyboard */; };
		0BDBA5C3203D072600650E91 /* Basketball.scnassets in Resources */ = {isa = PBXBuildFile; fileRef = 0BDBA5C2203D072600650E91 /* Basketball.scnassets */; };
		BEBC24862010A6B9EACD8B3B /* Pods_AR_Basketball.framework in Frameworks */ = {isa = PBXBuildFile; fileRef = 222320BD87987CE79A99D4C2 /* Pods_AR_Basketball.framework */; };
/* End PBXBuildFile section */

/* Begin PBXFileReference section */
		0BC550562032683800BFEE02 /* AR-Basketball.app */ = {isa = PBXFileReference; explicitFileType = wrapper.application; includeInIndex = 0; path = "AR-Basketball.app"; sourceTree = BUILT_PRODUCTS_DIR; };
		0BC550592032683800BFEE02 /* AppDelegate.swift */ = {isa = PBXFileReference; lastKnownFileType = sourcecode.swift; path = AppDelegate.swift; sourceTree = "<group>"; };
		0BC5505B2032683800BFEE02 /* ViewController.swift */ = {isa = PBXFileReference; lastKnownFileType = sourcecode.swift; path = ViewController.swift; sourceTree = "<group>"; };
		0BC5505E2032683800BFEE02 /* Base */ = {isa = PBXFileReference; lastKnownFileType = file.storyboard; name = Base; path = Base.lproj/Main.storyboard; sourceTree = "<group>"; };
		0BC550602032683800BFEE02 /* Assets.xcassets */ = {isa = PBXFileReference; lastKnownFileType = folder.assetcatalog; path = Assets.xcassets; sourceTree = "<group>"; };
		0BC550632032683800BFEE02 /* Base */ = {isa = PBXFileReference; lastKnownFileType = file.storyboard; name = Base; path = Base.lproj/LaunchScreen.storyboard; sourceTree = "<group>"; };
		0BC550652032683800BFEE02 /* Info.plist */ = {isa = PBXFileReference; lastKnownFileType = text.plist.xml; path = Info.plist; sourceTree = "<group>"; };
		0BDBA5C2203D072600650E91 /* Basketball.scnassets */ = {isa = PBXFileReference; lastKnownFileType = wrapper.scnassets; path = Basketball.scnassets; sourceTree = "<group>"; };
		222320BD87987CE79A99D4C2 /* Pods_AR_Basketball.framework */ = {isa = PBXFileReference; explicitFileType = wrapper.framework; includeInIndex = 0; path = Pods_AR_Basketball.framework; sourceTree = BUILT_PRODUCTS_DIR; };
		7596008AE223B02DF1CB85F9 /* Pods-AR-Basketball.debug.xcconfig */ = {isa = PBXFileReference; includeInIndex = 1; lastKnownFileType = text.xcconfig; name = "Pods-AR-Basketball.debug.xcconfig"; path = "Pods/Target Support Files/Pods-AR-Basketball/Pods-AR-Basketball.debug.xcconfig"; sourceTree = "<group>"; };
		F423FF4B00B4845AD4E3E667 /* Pods-AR-Basketball.release.xcconfig */ = {isa = PBXFileReference; includeInIndex = 1; lastKnownFileType = text.xcconfig; name = "Pods-AR-Basketball.release.xcconfig"; path = "Pods/Target Support Files/Pods-AR-Basketball/Pods-AR-Basketball.release.xcconfig"; sourceTree = "<group>"; };
/* End PBXFileReference section */

/* Begin PBXFrameworksBuildPhase section */
		0BC550532032683800BFEE02 /* Frameworks */ = {
			isa = PBXFrameworksBuildPhase;
			buildActionMask = 2147483647;
			files = (
				BEBC24862010A6B9EACD8B3B /* Pods_AR_Basketball.framework in Frameworks */,
			);
			runOnlyForDeploymentPostprocessing = 0;
		};
/* End PBXFrameworksBuildPhase section */

/* Begin PBXGroup section */
		0BC5504D2032683800BFEE02 = {
			isa = PBXGroup;
			children = (
				0BC550582032683800BFEE02 /* AR-Basketball */,
				0BC550572032683800BFEE02 /* Products */,
				C604060FFA1C5DD06865F63E /* Pods */,
				29F961C68F11010DEBC157CC /* Frameworks */,
			);
			sourceTree = "<group>";
		};
		0BC550572032683800BFEE02 /* Products */ = {
			isa = PBXGroup;
			children = (
				0BC550562032683800BFEE02 /* AR-Basketball.app */,
			);
			name = Products;
			sourceTree = "<group>";
		};
		0BC550582032683800BFEE02 /* AR-Basketball */ = {
			isa = PBXGroup;
			children = (
				0BC550592032683800BFEE02 /* AppDelegate.swift */,
				0BC5505B2032683800BFEE02 /* ViewController.swift */,
				0BC5505D2032683800BFEE02 /* Main.storyboard */,
				0BC550602032683800BFEE02 /* Assets.xcassets */,
				0BC550622032683800BFEE02 /* LaunchScreen.storyboard */,
				0BC550652032683800BFEE02 /* Info.plist */,
				0BDBA5C2203D072600650E91 /* Basketball.scnassets */,
			);
			path = "AR-Basketball";
			sourceTree = "<group>";
		};
		29F961C68F11010DEBC157CC /* Frameworks */ = {
			isa = PBXGroup;
			children = (
				222320BD87987CE79A99D4C2 /* Pods_AR_Basketball.framework */,
			);
			name = Frameworks;
			sourceTree = "<group>";
		};
		C604060FFA1C5DD06865F63E /* Pods */ = {
			isa = PBXGroup;
			children = (
				7596008AE223B02DF1CB85F9 /* Pods-AR-Basketball.debug.xcconfig */,
				F423FF4B00B4845AD4E3E667 /* Pods-AR-Basketball.release.xcconfig */,
			);
			name = Pods;
			sourceTree = "<group>";
		};
/* End PBXGroup section */

/* Begin PBXNativeTarget section */
		0BC550552032683800BFEE02 /* AR-Basketball */ = {
			isa = PBXNativeTarget;
			buildConfigurationList = 0BC550682032683800BFEE02 /* Build configuration list for PBXNativeTarget "AR-Basketball" */;
			buildPhases = (
				A18815B5880EC649BB2F1275 /* [CP] Check Pods Manifest.lock */,
				0BC550522032683800BFEE02 /* Sources */,
				0BC550532032683800BFEE02 /* Frameworks */,
				0BC550542032683800BFEE02 /* Resources */,
				B049D66698022960E7095A73 /* [CP] Embed Pods Frameworks */,
				97873AD539F48C2E7B2854BD /* [CP] Copy Pods Resources */,
			);
			buildRules = (
			);
			dependencies = (
			);
			name = "AR-Basketball";
			productName = "AR-Basketball";
			productReference = 0BC550562032683800BFEE02 /* AR-Basketball.app */;
			productType = "com.apple.product-type.application";
		};
/* End PBXNativeTarget section */

/* Begin PBXProject section */
		0BC5504E2032683800BFEE02 /* Project object */ = {
			isa = PBXProject;
			attributes = {
				LastSwiftUpdateCheck = 0920;
				LastUpgradeCheck = 0920;
				ORGANIZATIONNAME = "Jacob Steves";
				TargetAttributes = {
					0BC550552032683800BFEE02 = {
						CreatedOnToolsVersion = 9.2;
						ProvisioningStyle = Automatic;
					};
				};
			};
			buildConfigurationList = 0BC550512032683800BFEE02 /* Build configuration list for PBXProject "AR-Basketball" */;
			compatibilityVersion = "Xcode 8.0";
			developmentRegion = en;
			hasScannedForEncodings = 0;
			knownRegions = (
				en,
				Base,
			);
			mainGroup = 0BC5504D2032683800BFEE02;
			productRefGroup = 0BC550572032683800BFEE02 /* Products */;
			projectDirPath = "";
			projectRoot = "";
			targets = (
				0BC550552032683800BFEE02 /* AR-Basketball */,
			);
		};
/* End PBXProject section */

/* Begin PBXResourcesBuildPhase section */
		0BC550542032683800BFEE02 /* Resources */ = {
			isa = PBXResourcesBuildPhase;
			buildActionMask = 2147483647;
			files = (
				0BDBA5C3203D072600650E91 /* Basketball.scnassets in Resources */,
				0BC550642032683800BFEE02 /* LaunchScreen.storyboard in Resources */,
				0BC550612032683800BFEE02 /* Assets.xcassets in Resources */,
				0BC5505F2032683800BFEE02 /* Main.storyboard in Resources */,
			);
			runOnlyForDeploymentPostprocessing = 0;
		};
/* End PBXResourcesBuildPhase section */

/* Begin PBXShellScriptBuildPhase section */
		97873AD539F48C2E7B2854BD /* [CP] Copy Pods Resources */ = {
			isa = PBXShellScriptBuildPhase;
			buildActionMask = 2147483647;
			files = (
			);
			inputPaths = (
			);
			name = "[CP] Copy Pods Resources";
			outputPaths = (
			);
			runOnlyForDeploymentPostprocessing = 0;
			shellPath = /bin/sh;
			shellScript = "\"${SRCROOT}/Pods/Target Support Files/Pods-AR-Basketball/Pods-AR-Basketball-resources.sh\"\n";
			showEnvVarsInLog = 0;
		};
		A18815B5880EC649BB2F1275 /* [CP] Check Pods Manifest.lock */ = {
			isa = PBXShellScriptBuildPhase;
			buildActionMask = 2147483647;
			files = (
			);
			inputPaths = (
				"${PODS_PODFILE_DIR_PATH}/Podfile.lock",
				"${PODS_ROOT}/Manifest.lock",
			);
			name = "[CP] Check Pods Manifest.lock";
			outputPaths = (
				"$(DERIVED_FILE_DIR)/Pods-AR-Basketball-checkManifestLockResult.txt",
			);
			runOnlyForDeploymentPostprocessing = 0;
			shellPath = /bin/sh;
			shellScript = "diff \"${PODS_PODFILE_DIR_PATH}/Podfile.lock\" \"${PODS_ROOT}/Manifest.lock\" > /dev/null\nif [ $? != 0 ] ; then\n    # print error to STDERR\n    echo \"error: The sandbox is not in sync with the Podfile.lock. Run 'pod install' or update your CocoaPods installation.\" >&2\n    exit 1\nfi\n# This output is used by Xcode 'outputs' to avoid re-running this script phase.\necho \"SUCCESS\" > \"${SCRIPT_OUTPUT_FILE_0}\"\n";
			showEnvVarsInLog = 0;
		};
		B049D66698022960E7095A73 /* [CP] Embed Pods Frameworks */ = {
			isa = PBXShellScriptBuildPhase;
			buildActionMask = 2147483647;
			files = (
			);
			inputPaths = (
				"${SRCROOT}/Pods/Target Support Files/Pods-AR-Basketball/Pods-AR-Basketball-frameworks.sh",
				"${BUILT_PRODUCTS_DIR}/Each/Each.framework",
			);
			name = "[CP] Embed Pods Frameworks";
			outputPaths = (
				"${TARGET_BUILD_DIR}/${FRAMEWORKS_FOLDER_PATH}/Each.framework",
			);
			runOnlyForDeploymentPostprocessing = 0;
			shellPath = /bin/sh;
			shellScript = "\"${SRCROOT}/Pods/Target Support Files/Pods-AR-Basketball/Pods-AR-Basketball-frameworks.sh\"\n";
			showEnvVarsInLog = 0;
		};
/* End PBXShellScriptBuildPhase section */

/* Begin PBXSourcesBuildPhase section */
		0BC550522032683800BFEE02 /* Sources */ = {
			isa = PBXSourcesBuildPhase;
			buildActionMask = 2147483647;
			files = (
				0BC5505C2032683800BFEE02 /* ViewController.swift in Sources */,
				0BC5505A2032683800BFEE02 /* AppDelegate.swift in Sources */,
			);
			runOnlyForDeploymentPostprocessing = 0;
		};
/* End PBXSourcesBuildPhase section */

/* Begin PBXVariantGroup section */
		0BC5505D2032683800BFEE02 /* Main.storyboard */ = {
			isa = PBXVariantGroup;
			children = (
				0BC5505E2032683800BFEE02 /* Base */,
			);
			name = Main.storyboard;
			sourceTree = "<group>";
		};
		0BC550622032683800BFEE02 /* LaunchScreen.storyboard */ = {
			isa = PBXVariantGroup;
			children = (
				0BC550632032683800BFEE02 /* Base */,
			);
			name = LaunchScreen.storyboard;
			sourceTree = "<group>";
		};
/* End PBXVariantGroup section */

/* Begin XCBuildConfiguration section */
		0BC550662032683800BFEE02 /* Debug */ = {
			isa = XCBuildConfiguration;
			buildSettings = {
				ALWAYS_SEARCH_USER_PATHS = NO;
				CLANG_ANALYZER_NONNULL = YES;
				CLANG_ANALYZER_NUMBER_OBJECT_CONVERSION = YES_AGGRESSIVE;
				CLANG_CXX_LANGUAGE_STANDARD = "gnu++14";
				CLANG_CXX_LIBRARY = "libc++";
				CLANG_ENABLE_MODULES = YES;
				CLANG_ENABLE_OBJC_ARC = YES;
				CLANG_WARN_BLOCK_CAPTURE_AUTORELEASING = YES;
				CLANG_WARN_BOOL_CONVERSION = YES;
				CLANG_WARN_COMMA = YES;
				CLANG_WARN_CONSTANT_CONVERSION = YES;
				CLANG_WARN_DIRECT_OBJC_ISA_USAGE = YES_ERROR;
				CLANG_WARN_DOCUMENTATION_COMMENTS = YES;
				CLANG_WARN_EMPTY_BODY = YES;
				CLANG_WARN_ENUM_CONVERSION = YES;
				CLANG_WARN_INFINITE_RECURSION = YES;
				CLANG_WARN_INT_CONVERSION = YES;
				CLANG_WARN_NON_LITERAL_NULL_CONVERSION = YES;
				CLANG_WARN_OBJC_LITERAL_CONVERSION = YES;
				CLANG_WARN_OBJC_ROOT_CLASS = YES_ERROR;
				CLANG_WARN_RANGE_LOOP_ANALYSIS = YES;
				CLANG_WARN_STRICT_PROTOTYPES = YES;
				CLANG_WARN_SUSPICIOUS_MOVE = YES;
				CLANG_WARN_UNGUARDED_AVAILABILITY = YES_AGGRESSIVE;
				CLANG_WARN_UNREACHABLE_CODE = YES;
				CLANG_WARN__DUPLICATE_METHOD_MATCH = YES;
				CODE_SIGN_IDENTITY = "iPhone Developer";
				COPY_PHASE_STRIP = NO;
				DEBUG_INFORMATION_FORMAT = dwarf;
				ENABLE_STRICT_OBJC_MSGSEND = YES;
				ENABLE_TESTABILITY = YES;
				GCC_C_LANGUAGE_STANDARD = gnu11;
				GCC_DYNAMIC_NO_PIC = NO;
				GCC_NO_COMMON_BLOCKS = YES;
				GCC_OPTIMIZATION_LEVEL = 0;
				GCC_PREPROCESSOR_DEFINITIONS = (
					"DEBUG=1",
					"$(inherited)",
				);
				GCC_WARN_64_TO_32_BIT_CONVERSION = YES;
				GCC_WARN_ABOUT_RETURN_TYPE = YES_ERROR;
				GCC_WARN_UNDECLARED_SELECTOR = YES;
				GCC_WARN_UNINITIALIZED_AUTOS = YES_AGGRESSIVE;
				GCC_WARN_UNUSED_FUNCTION = YES;
				GCC_WARN_UNUSED_VARIABLE = YES;
				IPHONEOS_DEPLOYMENT_TARGET = 11.2;
				MTL_ENABLE_DEBUG_INFO = YES;
				ONLY_ACTIVE_ARCH = YES;
				SDKROOT = iphoneos;
				SWIFT_ACTIVE_COMPILATION_CONDITIONS = DEBUG;
				SWIFT_OPTIMIZATION_LEVEL = "-Onone";
			};
			name = Debug;
		};
		0BC550672032683800BFEE02 /* Release */ = {
			isa = XCBuildConfiguration;
			buildSettings = {
				ALWAYS_SEARCH_USER_PATHS = NO;
				CLANG_ANALYZER_NONNULL = YES;
				CLANG_ANALYZER_NUMBER_OBJECT_CONVERSION = YES_AGGRESSIVE;
				CLANG_CXX_LANGUAGE_STANDARD = "gnu++14";
				CLANG_CXX_LIBRARY = "libc++";
				CLANG_ENABLE_MODULES = YES;
				CLANG_ENABLE_OBJC_ARC = YES;
				CLANG_WARN_BLOCK_CAPTURE_AUTORELEASING = YES;
				CLANG_WARN_BOOL_CONVERSION = YES;
				CLANG_WARN_COMMA = YES;
				CLANG_WARN_CONSTANT_CONVERSION = YES;
				CLANG_WARN_DIRECT_OBJC_ISA_USAGE = YES_ERROR;
				CLANG_WARN_DOCUMENTATION_COMMENTS = YES;
				CLANG_WARN_EMPTY_BODY = YES;
				CLANG_WARN_ENUM_CONVERSION = YES;
				CLANG_WARN_INFINITE_RECURSION = YES;
				CLANG_WARN_INT_CONVERSION = YES;
				CLANG_WARN_NON_LITERAL_NULL_CONVERSION = YES;
				CLANG_WARN_OBJC_LITERAL_CONVERSION = YES;
				CLANG_WARN_OBJC_ROOT_CLASS = YES_ERROR;
				CLANG_WARN_RANGE_LOOP_ANALYSIS = YES;
				CLANG_WARN_STRICT_PROTOTYPES = YES;
				CLANG_WARN_SUSPICIOUS_MOVE = YES;
				CLANG_WARN_UNGUARDED_AVAILABILITY = YES_AGGRESSIVE;
				CLANG_WARN_UNREACHABLE_CODE = YES;
				CLANG_WARN__DUPLICATE_METHOD_MATCH = YES;
				CODE_SIGN_IDENTITY = "iPhone Developer";
				COPY_PHASE_STRIP = NO;
				DEBUG_INFORMATION_FORMAT = "dwarf-with-dsym";
				ENABLE_NS_ASSERTIONS = NO;
				ENABLE_STRICT_OBJC_MSGSEND = YES;
				GCC_C_LANGUAGE_STANDARD = gnu11;
				GCC_NO_COMMON_BLOCKS = YES;
				GCC_WARN_64_TO_32_BIT_CONVERSION = YES;
				GCC_WARN_ABOUT_RETURN_TYPE = YES_ERROR;
				GCC_WARN_UNDECLARED_SELECTOR = YES;
				GCC_WARN_UNINITIALIZED_AUTOS = YES_AGGRESSIVE;
				GCC_WARN_UNUSED_FUNCTION = YES;
				GCC_WARN_UNUSED_VARIABLE = YES;
				IPHONEOS_DEPLOYMENT_TARGET = 11.2;
				MTL_ENABLE_DEBUG_INFO = NO;
				SDKROOT = iphoneos;
				SWIFT_OPTIMIZATION_LEVEL = "-Owholemodule";
				VALIDATE_PRODUCT = YES;
			};
			name = Release;
		};
		0BC550692032683800BFEE02 /* Debug */ = {
			isa = XCBuildConfiguration;
			baseConfigurationReference = 7596008AE223B02DF1CB85F9 /* Pods-AR-Basketball.debug.xcconfig */;
			buildSettings = {
				ASSETCATALOG_COMPILER_APPICON_NAME = AppIcon;
				CODE_SIGN_STYLE = Automatic;
				DEVELOPMENT_TEAM = 42UJ4GPYJM;
				INFOPLIST_FILE = "AR-Basketball/Info.plist";
				IPHONEOS_DEPLOYMENT_TARGET = 11.0;
				LD_RUNPATH_SEARCH_PATHS = "$(inherited) @executable_path/Frameworks";
				PRODUCT_BUNDLE_IDENTIFIER = "ca.jacobsteves.AR-Basketball";
				PRODUCT_NAME = "$(TARGET_NAME)";
				SWIFT_VERSION = 4.0;
				TARGETED_DEVICE_FAMILY = "1,2";
			};
			name = Debug;
		};
		0BC5506A2032683800BFEE02 /* Release */ = {
			isa = XCBuildConfiguration;
			baseConfigurationReference = F423FF4B00B4845AD4E3E667 /* Pods-AR-Basketball.release.xcconfig */;
			buildSettings = {
				ASSETCATALOG_COMPILER_APPICON_NAME = AppIcon;
				CODE_SIGN_STYLE = Automatic;
				DEVELOPMENT_TEAM = 42UJ4GPYJM;
				INFOPLIST_FILE = "AR-Basketball/Info.plist";
				IPHONEOS_DEPLOYMENT_TARGET = 11.0;
				LD_RUNPATH_SEARCH_PATHS = "$(inherited) @executable_path/Frameworks";
				PRODUCT_BUNDLE_IDENTIFIER = "ca.jacobsteves.AR-Basketball";
				PRODUCT_NAME = "$(TARGET_NAME)";
				SWIFT_VERSION = 4.0;
				TARGETED_DEVICE_FAMILY = "1,2";
			};
			name = Release;
		};
/* End XCBuildConfiguration section */

/* Begin XCConfigurationList section */
		0BC550512032683800BFEE02 /* Build configuration list for PBXProject "AR-Basketball" */ = {
			isa = XCConfigurationList;
			buildConfigurations = (
				0BC550662032683800BFEE02 /* Debug */,
				0BC550672032683800BFEE02 /* Release */,
			);
			defaultConfigurationIsVisible = 0;
			defaultConfigurationName = Release;
		};
		0BC550682032683800BFEE02 /* Build configuration list for PBXNativeTarget "AR-Basketball" */ = {
			isa = XCConfigurationList;
			buildConfigurations = (
				0BC550692032683800BFEE02 /* Debug */,
				0BC5506A2032683800BFEE02 /* Release */,
			);
			defaultConfigurationIsVisible = 0;
			defaultConfigurationName = Release;
		};
/* End XCConfigurationList section */
	};
	rootObject = 0BC5504E2032683800BFEE02 /* Project object */;
}
